{
    "_meta": {
        "hash": {
            "sha256": "6001fa677e93cdba707033043e27e97c225a7b3619b7082bf4b7a69b90ec7c48"
        },
        "pipfile-spec": 6,
        "requires": {
            "python_version": "3.9"
        },
        "sources": [
            {
                "name": "pypi",
                "url": "https://pypi.org/simple",
                "verify_ssl": true
            }
        ]
    },
    "default": {
        "slack-sdk": {
            "hashes": [
                "sha256:224fcb4fef9575226e76555d9a0acdbd93d7596a416bc3ae7b443b3b64e9f0e3",
                "sha256:f61db1f6e49dd2ee84e82ddb5d1c5db7a5987b8be9ba975dc00799334c84f8cd"
            ],
            "index": "pypi",
            "version": "==3.20.2"
        }
    },
    "develop": {}
}
